// !$*UTF8*$!
{
	archiveVersion = 1;
	classes = {
	};
	objectVersion = 50;
	objects = {

/* Begin PBXBuildFile section */
		1E494C3524B6537E004BBF53 /* AppDelegate.swift in Sources */ = {isa = PBXBuildFile; fileRef = 1E494C3424B6537E004BBF53 /* AppDelegate.swift */; };
		1E494C3724B6537E004BBF53 /* SceneDelegate.swift in Sources */ = {isa = PBXBuildFile; fileRef = 1E494C3624B6537E004BBF53 /* SceneDelegate.swift */; };
		1E494C3C24B6537E004BBF53 /* Main.storyboard in Resources */ = {isa = PBXBuildFile; fileRef = 1E494C3A24B6537E004BBF53 /* Main.storyboard */; };
		1E494C3E24B65385004BBF53 /* Assets.xcassets in Resources */ = {isa = PBXBuildFile; fileRef = 1E494C3D24B65385004BBF53 /* Assets.xcassets */; };
		1E494C4124B65385004BBF53 /* LaunchScreen.storyboard in Resources */ = {isa = PBXBuildFile; fileRef = 1E494C3F24B65385004BBF53 /* LaunchScreen.storyboard */; };
		1E494C4924B653C1004BBF53 /* FilmsTableVC.swift in Sources */ = {isa = PBXBuildFile; fileRef = 1E494C4824B653C1004BBF53 /* FilmsTableVC.swift */; };
		1E494C4B24B65903004BBF53 /* FilmModel.swift in Sources */ = {isa = PBXBuildFile; fileRef = 1E494C4A24B65903004BBF53 /* FilmModel.swift */; };
		1E494C4D24B65C3B004BBF53 /* FilmCell.swift in Sources */ = {isa = PBXBuildFile; fileRef = 1E494C4C24B65C3B004BBF53 /* FilmCell.swift */; };
		1E494C4F24B662AB004BBF53 /* FilmVC.swift in Sources */ = {isa = PBXBuildFile; fileRef = 1E494C4E24B662AB004BBF53 /* FilmVC.swift */; };
		1E494C6024B66F18004BBF53 /* DJango.mp3 in Resources */ = {isa = PBXBuildFile; fileRef = 1E494C5B24B66F16004BBF53 /* DJango.mp3 */; };
		1E494C6124B66F18004BBF53 /* Inception.mp3 in Resources */ = {isa = PBXBuildFile; fileRef = 1E494C5C24B66F16004BBF53 /* Inception.mp3 */; };
		1E494C6224B66F18004BBF53 /* Intersteller.mp3 in Resources */ = {isa = PBXBuildFile; fileRef = 1E494C5D24B66F17004BBF53 /* Intersteller.mp3 */; };
		1E494C6324B66F18004BBF53 /* Batman.mp3 in Resources */ = {isa = PBXBuildFile; fileRef = 1E494C5E24B66F17004BBF53 /* Batman.mp3 */; };
		1E494C6424B66F18004BBF53 /* Hobbit.mp3 in Resources */ = {isa = PBXBuildFile; fileRef = 1E494C5F24B66F18004BBF53 /* Hobbit.mp3 */; };
/* End PBXBuildFile section */

/* Begin PBXFileReference section */
		1E494C3124B6537D004BBF53 /* FilmsHW.app */ = {isa = PBXFileReference; explicitFileType = wrapper.application; includeInIndex = 0; path = FilmsHW.app; sourceTree = BUILT_PRODUCTS_DIR; };
		1E494C3424B6537E004BBF53 /* AppDelegate.swift */ = {isa = PBXFileReference; lastKnownFileType = sourcecode.swift; path = AppDelegate.swift; sourceTree = "<group>"; };
		1E494C3624B6537E004BBF53 /* SceneDelegate.swift */ = {isa = PBXFileReference; lastKnownFileType = sourcecode.swift; path = SceneDelegate.swift; sourceTree = "<group>"; };
		1E494C3B24B6537E004BBF53 /* Base */ = {isa = PBXFileReference; lastKnownFileType = file.storyboard; name = Base; path = Base.lproj/Main.storyboard; sourceTree = "<group>"; };
		1E494C3D24B65385004BBF53 /* Assets.xcassets */ = {isa = PBXFileReference; lastKnownFileType = folder.assetcatalog; path = Assets.xcassets; sourceTree = "<group>"; };
		1E494C4024B65385004BBF53 /* Base */ = {isa = PBXFileReference; lastKnownFileType = file.storyboard; name = Base; path = Base.lproj/LaunchScreen.storyboard; sourceTree = "<group>"; };
		1E494C4224B65385004BBF53 /* Info.plist */ = {isa = PBXFileReference; lastKnownFileType = text.plist.xml; path = Info.plist; sourceTree = "<group>"; };
		1E494C4824B653C1004BBF53 /* FilmsTableVC.swift */ = {isa = PBXFileReference; lastKnownFileType = sourcecode.swift; path = FilmsTableVC.swift; sourceTree = "<group>"; };
		1E494C4A24B65903004BBF53 /* FilmModel.swift */ = {isa = PBXFileReference; lastKnownFileType = sourcecode.swift; path = FilmModel.swift; sourceTree = "<group>"; };
		1E494C4C24B65C3B004BBF53 /* FilmCell.swift */ = {isa = PBXFileReference; lastKnownFileType = sourcecode.swift; path = FilmCell.swift; sourceTree = "<group>"; };
		1E494C4E24B662AB004BBF53 /* FilmVC.swift */ = {isa = PBXFileReference; lastKnownFileType = sourcecode.swift; path = FilmVC.swift; sourceTree = "<group>"; };
		1E494C5B24B66F16004BBF53 /* DJango.mp3 */ = {isa = PBXFileReference; lastKnownFileType = audio.mp3; path = DJango.mp3; sourceTree = "<group>"; };
		1E494C5C24B66F16004BBF53 /* Inception.mp3 */ = {isa = PBXFileReference; lastKnownFileType = audio.mp3; path = Inception.mp3; sourceTree = "<group>"; };
		1E494C5D24B66F17004BBF53 /* Intersteller.mp3 */ = {isa = PBXFileReference; lastKnownFileType = audio.mp3; path = Intersteller.mp3; sourceTree = "<group>"; };
		1E494C5E24B66F17004BBF53 /* Batman.mp3 */ = {isa = PBXFileReference; lastKnownFileType = audio.mp3; path = Batman.mp3; sourceTree = "<group>"; };
		1E494C5F24B66F18004BBF53 /* Hobbit.mp3 */ = {isa = PBXFileReference; lastKnownFileType = audio.mp3; path = Hobbit.mp3; sourceTree = "<group>"; };
/* End PBXFileReference section */

/* Begin PBXFrameworksBuildPhase section */
		1E494C2E24B6537D004BBF53 /* Frameworks */ = {
			isa = PBXFrameworksBuildPhase;
			buildActionMask = 2147483647;
			files = (
			);
			runOnlyForDeploymentPostprocessing = 0;
		};
/* End PBXFrameworksBuildPhase section */

/* Begin PBXGroup section */
		1E494C2824B6537D004BBF53 = {
			isa = PBXGroup;
			children = (
				1E494C3324B6537D004BBF53 /* FilmsHW */,
				1E494C3224B6537D004BBF53 /* Products */,
			);
			sourceTree = "<group>";
		};
		1E494C3224B6537D004BBF53 /* Products */ = {
			isa = PBXGroup;
			children = (
				1E494C3124B6537D004BBF53 /* FilmsHW.app */,
			);
			name = Products;
			sourceTree = "<group>";
		};
		1E494C3324B6537D004BBF53 /* FilmsHW */ = {
			isa = PBXGroup;
			children = (
				1E494C3424B6537E004BBF53 /* AppDelegate.swift */,
				1E494C3624B6537E004BBF53 /* SceneDelegate.swift */,
				1E494C4C24B65C3B004BBF53 /* FilmCell.swift */,
				1E494C4A24B65903004BBF53 /* FilmModel.swift */,
				1E494C4E24B662AB004BBF53 /* FilmVC.swift */,
				1E494C4824B653C1004BBF53 /* FilmsTableVC.swift */,
				1E494C3A24B6537E004BBF53 /* Main.storyboard */,
				1E494C3D24B65385004BBF53 /* Assets.xcassets */,
				1E494C5A24B66BB3004BBF53 /* Theme songs */,
				1E494C3F24B65385004BBF53 /* LaunchScreen.storyboard */,
				1E494C4224B65385004BBF53 /* Info.plist */,
			);
			path = FilmsHW;
			sourceTree = "<group>";
		};
		1E494C5A24B66BB3004BBF53 /* Theme songs */ = {
			isa = PBXGroup;
			children = (
				1E494C5E24B66F17004BBF53 /* Batman.mp3 */,
				1E494C5B24B66F16004BBF53 /* DJango.mp3 */,
				1E494C5F24B66F18004BBF53 /* Hobbit.mp3 */,
				1E494C5C24B66F16004BBF53 /* Inception.mp3 */,
				1E494C5D24B66F17004BBF53 /* Intersteller.mp3 */,
			);
			path = "Theme songs";
			sourceTree = "<group>";
		};
/* End PBXGroup section */

/* Begin PBXNativeTarget section */
		1E494C3024B6537D004BBF53 /* FilmsHW */ = {
			isa = PBXNativeTarget;
			buildConfigurationList = 1E494C4524B65385004BBF53 /* Build configuration list for PBXNativeTarget "FilmsHW" */;
			buildPhases = (
				1E494C2D24B6537D004BBF53 /* Sources */,
				1E494C2E24B6537D004BBF53 /* Frameworks */,
				1E494C2F24B6537D004BBF53 /* Resources */,
			);
			buildRules = (
			);
			dependencies = (
			);
			name = FilmsHW;
			productName = FilmsHW;
			productReference = 1E494C3124B6537D004BBF53 /* FilmsHW.app */;
			productType = "com.apple.product-type.application";
		};
/* End PBXNativeTarget section */

/* Begin PBXProject section */
		1E494C2924B6537D004BBF53 /* Project object */ = {
			isa = PBXProject;
			attributes = {
				LastSwiftUpdateCheck = 1150;
				LastUpgradeCheck = 1150;
				ORGANIZATIONNAME = "Bader Alawadh";
				TargetAttributes = {
					1E494C3024B6537D004BBF53 = {
						CreatedOnToolsVersion = 11.5;
					};
				};
			};
			buildConfigurationList = 1E494C2C24B6537D004BBF53 /* Build configuration list for PBXProject "FilmsHW" */;
			compatibilityVersion = "Xcode 9.3";
			developmentRegion = en;
			hasScannedForEncodings = 0;
			knownRegions = (
				en,
				Base,
			);
			mainGroup = 1E494C2824B6537D004BBF53;
			productRefGroup = 1E494C3224B6537D004BBF53 /* Products */;
			projectDirPath = "";
			projectRoot = "";
			targets = (
				1E494C3024B6537D004BBF53 /* FilmsHW */,
			);
		};
/* End PBXProject section */

/* Begin PBXResourcesBuildPhase section */
		1E494C2F24B6537D004BBF53 /* Resources */ = {
			isa = PBXResourcesBuildPhase;
			buildActionMask = 2147483647;
			files = (
				1E494C6424B66F18004BBF53 /* Hobbit.mp3 in Resources */,
				1E494C4124B65385004BBF53 /* LaunchScreen.storyboard in Resources */,
				1E494C6324B66F18004BBF53 /* Batman.mp3 in Resources */,
				1E494C6224B66F18004BBF53 /* Intersteller.mp3 in Resources */,
				1E494C3E24B65385004BBF53 /* Assets.xcassets in Resources */,
				1E494C3C24B6537E004BBF53 /* Main.storyboard in Resources */,
				1E494C6124B66F18004BBF53 /* Inception.mp3 in Resources */,
				1E494C6024B66F18004BBF53 /* DJango.mp3 in Resources */,
			);
			runOnlyForDeploymentPostprocessing = 0;
		};
/* End PBXResourcesBuildPhase section */

/* Begin PBXSourcesBuildPhase section */
		1E494C2D24B6537D004BBF53 /* Sources */ = {
			isa = PBXSourcesBuildPhase;
			buildActionMask = 2147483647;
			files = (
				1E494C4F24B662AB004BBF53 /* FilmVC.swift in Sources */,
				1E494C3524B6537E004BBF53 /* AppDelegate.swift in Sources */,
				1E494C3724B6537E004BBF53 /* SceneDelegate.swift in Sources */,
				1E494C4924B653C1004BBF53 /* FilmsTableVC.swift in Sources */,
				1E494C4B24B65903004BBF53 /* FilmModel.swift in Sources */,
				1E494C4D24B65C3B004BBF53 /* FilmCell.swift in Sources */,
			);
			runOnlyForDeploymentPostprocessing = 0;
		};
/* End PBXSourcesBuildPhase section */

/* Begin PBXVariantGroup section */
		1E494C3A24B6537E004BBF53 /* Main.storyboard */ = {
			isa = PBXVariantGroup;
			children = (
				1E494C3B24B6537E004BBF53 /* Base */,
			);
			name = Main.storyboard;
			sourceTree = "<group>";
		};
		1E494C3F24B65385004BBF53 /* LaunchScreen.storyboard */ = {
			isa = PBXVariantGroup;
			children = (
				1E494C4024B65385004BBF53 /* Base */,
			);
			name = LaunchScreen.storyboard;
			sourceTree = "<group>";
		};
/* End PBXVariantGroup section */

/* Begin XCBuildConfiguration section */
		1E494C4324B65385004BBF53 /* Debug */ = {
			isa = XCBuildConfiguration;
			buildSettings = {
				ALWAYS_SEARCH_USER_PATHS = NO;
				CLANG_ANALYZER_NONNULL = YES;
				CLANG_ANALYZER_NUMBER_OBJECT_CONVERSION = YES_AGGRESSIVE;
				CLANG_CXX_LANGUAGE_STANDARD = "gnu++14";
				CLANG_CXX_LIBRARY = "libc++";
				CLANG_ENABLE_MODULES = YES;
				CLANG_ENABLE_OBJC_ARC = YES;
				CLANG_ENABLE_OBJC_WEAK = YES;
				CLANG_WARN_BLOCK_CAPTURE_AUTORELEASING = YES;
				CLANG_WARN_BOOL_CONVERSION = YES;
				CLANG_WARN_COMMA = YES;
				CLANG_WARN_CONSTANT_CONVERSION = YES;
				CLANG_WARN_DEPRECATED_OBJC_IMPLEMENTATIONS = YES;
				CLANG_WARN_DIRECT_OBJC_ISA_USAGE = YES_ERROR;
				CLANG_WARN_DOCUMENTATION_COMMENTS = YES;
				CLANG_WARN_EMPTY_BODY = YES;
				CLANG_WARN_ENUM_CONVERSION = YES;
				CLANG_WARN_INFINITE_RECURSION = YES;
				CLANG_WARN_INT_CONVERSION = YES;
				CLANG_WARN_NON_LITERAL_NULL_CONVERSION = YES;
				CLANG_WARN_OBJC_IMPLICIT_RETAIN_SELF = YES;
				CLANG_WARN_OBJC_LITERAL_CONVERSION = YES;
				CLANG_WARN_OBJC_ROOT_CLASS = YES_ERROR;
				CLANG_WARN_RANGE_LOOP_ANALYSIS = YES;
				CLANG_WARN_STRICT_PROTOTYPES = YES;
				CLANG_WARN_SUSPICIOUS_MOVE = YES;
				CLANG_WARN_UNGUARDED_AVAILABILITY = YES_AGGRESSIVE;
				CLANG_WARN_UNREACHABLE_CODE = YES;
				CLANG_WARN__DUPLICATE_METHOD_MATCH = YES;
				COPY_PHASE_STRIP = NO;
				DEBUG_INFORMATION_FORMAT = dwarf;
				ENABLE_STRICT_OBJC_MSGSEND = YES;
				ENABLE_TESTABILITY = YES;
				GCC_C_LANGUAGE_STANDARD = gnu11;
				GCC_DYNAMIC_NO_PIC = NO;
				GCC_NO_COMMON_BLOCKS = YES;
				GCC_OPTIMIZATION_LEVEL = 0;
				GCC_PREPROCESSOR_DEFINITIONS = (
					"DEBUG=1",
					"$(inherited)",
				);
				GCC_WARN_64_TO_32_BIT_CONVERSION = YES;
				GCC_WARN_ABOUT_RETURN_TYPE = YES_ERROR;
				GCC_WARN_UNDECLARED_SELECTOR = YES;
				GCC_WARN_UNINITIALIZED_AUTOS = YES_AGGRESSIVE;
				GCC_WARN_UNUSED_FUNCTION = YES;
				GCC_WARN_UNUSED_VARIABLE = YES;
				IPHONEOS_DEPLOYMENT_TARGET = 13.5;
				MTL_ENABLE_DEBUG_INFO = INCLUDE_SOURCE;
				MTL_FAST_MATH = YES;
				ONLY_ACTIVE_ARCH = YES;
				SDKROOT = iphoneos;
				SWIFT_ACTIVE_COMPILATION_CONDITIONS = DEBUG;
				SWIFT_OPTIMIZATION_LEVEL = "-Onone";
			};
			name = Debug;
		};
		1E494C4424B65385004BBF53 /* Release */ = {
			isa = XCBuildConfiguration;
			buildSettings = {
				ALWAYS_SEARCH_USER_PATHS = NO;
				CLANG_ANALYZER_NONNULL = YES;
				CLANG_ANALYZER_NUMBER_OBJECT_CONVERSION = YES_AGGRESSIVE;
				CLANG_CXX_LANGUAGE_STANDARD = "gnu++14";
				CLANG_CXX_LIBRARY = "libc++";
				CLANG_ENABLE_MODULES = YES;
				CLANG_ENABLE_OBJC_ARC = YES;
				CLANG_ENABLE_OBJC_WEAK = YES;
				CLANG_WARN_BLOCK_CAPTURE_AUTORELEASING = YES;
				CLANG_WARN_BOOL_CONVERSION = YES;
				CLANG_WARN_COMMA = YES;
				CLANG_WARN_CONSTANT_CONVERSION = YES;
				CLANG_WARN_DEPRECATED_OBJC_IMPLEMENTATIONS = YES;
				CLANG_WARN_DIRECT_OBJC_ISA_USAGE = YES_ERROR;
				CLANG_WARN_DOCUMENTATION_COMMENTS = YES;
				CLANG_WARN_EMPTY_BODY = YES;
				CLANG_WARN_ENUM_CONVERSION = YES;
				CLANG_WARN_INFINITE_RECURSION = YES;
				CLANG_WARN_INT_CONVERSION = YES;
				CLANG_WARN_NON_LITERAL_NULL_CONVERSION = YES;
				CLANG_WARN_OBJC_IMPLICIT_RETAIN_SELF = YES;
				CLANG_WARN_OBJC_LITERAL_CONVERSION = YES;
				CLANG_WARN_OBJC_ROOT_CLASS = YES_ERROR;
				CLANG_WARN_RANGE_LOOP_ANALYSIS = YES;
				CLANG_WARN_STRICT_PROTOTYPES = YES;
				CLANG_WARN_SUSPICIOUS_MOVE = YES;
				CLANG_WARN_UNGUARDED_AVAILABILITY = YES_AGGRESSIVE;
				CLANG_WARN_UNREACHABLE_CODE = YES;
				CLANG_WARN__DUPLICATE_METHOD_MATCH = YES;
				COPY_PHASE_STRIP = NO;
				DEBUG_INFORMATION_FORMAT = "dwarf-with-dsym";
				ENABLE_NS_ASSERTIONS = NO;
				ENABLE_STRICT_OBJC_MSGSEND = YES;
				GCC_C_LANGUAGE_STANDARD = gnu11;
				GCC_NO_COMMON_BLOCKS = YES;
				GCC_WARN_64_TO_32_BIT_CONVERSION = YES;
				GCC_WARN_ABOUT_RETURN_TYPE = YES_ERROR;
				GCC_WARN_UNDECLARED_SELECTOR = YES;
				GCC_WARN_UNINITIALIZED_AUTOS = YES_AGGRESSIVE;
				GCC_WARN_UNUSED_FUNCTION = YES;
				GCC_WARN_UNUSED_VARIABLE = YES;
				IPHONEOS_DEPLOYMENT_TARGET = 13.5;
				MTL_ENABLE_DEBUG_INFO = NO;
				MTL_FAST_MATH = YES;
				SDKROOT = iphoneos;
				SWIFT_COMPILATION_MODE = wholemodule;
				SWIFT_OPTIMIZATION_LEVEL = "-O";
				VALIDATE_PRODUCT = YES;
			};
			name = Release;
		};
		1E494C4624B65385004BBF53 /* Debug */ = {
			isa = XCBuildConfiguration;
			buildSettings = {
				ASSETCATALOG_COMPILER_APPICON_NAME = AppIcon;
				CODE_SIGN_STYLE = Automatic;
				DEVELOPMENT_TEAM = J3J7JH2ZHK;
				INFOPLIST_FILE = FilmsHW/Info.plist;
				LD_RUNPATH_SEARCH_PATHS = (
					"$(inherited)",
					"@executable_path/Frameworks",
				);
				PRODUCT_BUNDLE_IDENTIFIER = com.bader.FilmsHW;
				PRODUCT_NAME = "$(TARGET_NAME)";
				SWIFT_VERSION = 5.0;
				TARGETED_DEVICE_FAMILY = "1,2";
			};
			name = Debug;
		};
		1E494C4724B65385004BBF53 /* Release */ = {
			isa = XCBuildConfiguration;
			buildSettings = {
				ASSETCATALOG_COMPILER_APPICON_NAME = AppIcon;
				CODE_SIGN_STYLE = Automatic;
				DEVELOPMENT_TEAM = J3J7JH2ZHK;
				INFOPLIST_FILE = FilmsHW/Info.plist;
				LD_RUNPATH_SEARCH_PATHS = (
					"$(inherited)",
					"@executable_path/Frameworks",
				);
				PRODUCT_BUNDLE_IDENTIFIER = com.bader.FilmsHW;
				PRODUCT_NAME = "$(TARGET_NAME)";
				SWIFT_VERSION = 5.0;
				TARGETED_DEVICE_FAMILY = "1,2";
			};
			name = Release;
		};
/* End XCBuildConfiguration section */

/* Begin XCConfigurationList section */
		1E494C2C24B6537D004BBF53 /* Build configuration list for PBXProject "FilmsHW" */ = {
			isa = XCConfigurationList;
			buildConfigurations = (
				1E494C4324B65385004BBF53 /* Debug */,
				1E494C4424B65385004BBF53 /* Release */,
			);
			defaultConfigurationIsVisible = 0;
			defaultConfigurationName = Release;
		};
		1E494C4524B65385004BBF53 /* Build configuration list for PBXNativeTarget "FilmsHW" */ = {
			isa = XCConfigurationList;
			buildConfigurations = (
				1E494C4624B65385004BBF53 /* Debug */,
				1E494C4724B65385004BBF53 /* Release */,
			);
			defaultConfigurationIsVisible = 0;
			defaultConfigurationName = Release;
		};
/* End XCConfigurationList section */
	};
	rootObject = 1E494C2924B6537D004BBF53 /* Project object */;
}
